# generated by rye
# use `rye lock` or `rye sync` to update this lockfile
#
# last locked with the following flags:
#   pre: false
#   features: []
#   all-features: false

-e file:.
ac-library-python @ git+https://github.com/not522/ac-library-python@58f324ec020d57191e7b9e4957b0c5feb5ed3aff
sortedcontainers==2.4.0
